
Microsoft Visual Studio Solution File, Format Version 12.00
# Visual Studio Version 17
VisualStudioVersion = 17.0.31903.59
MinimumVisualStudioVersion = 10.0.40219.1
Project("{FAE04EC0-301F-11D3-BF4B-00C04F79EFBC}") = "TurtleApi", "TurtleApi\TurtleApi.csproj", "{E78B8EF4-8147-46ED-9E54-1704DE3950CC}"
EndProject
Project("{FAE04EC0-301F-11D3-BF4B-00C04F79EFBC}") = "TurtleWeb", "TurtleWeb\TurtleWeb.csproj", "{A2DCD019-112D-4DB6-8991-019D5FD4C8AA}"
EndProject
Project("{FAE04EC0-301F-11D3-BF4B-00C04F79EFBC}") = "TurtleApi.Tests", "TurtleApi.Tests\TurtleApi.Tests.csproj", "{BC1604D8-ED87-4E33-855A-6D8AA3599A91}"
EndProject
Global
	GlobalSection(SolutionConfigurationPlatforms) = preSolution
		Debug|Any CPU = Debug|Any CPU
		Release|Any CPU = Release|Any CPU
	EndGlobalSection
	GlobalSection(SolutionProperties) = preSolution
		HideSolutionNode = FALSE
	EndGlobalSection
	GlobalSection(ProjectConfigurationPlatforms) = postSolution
		{E78B8EF4-8147-46ED-9E54-1704DE3950CC}.Debug|Any CPU.ActiveCfg = Debug|Any CPU
		{E78B8EF4-8147-46ED-9E54-1704DE3950CC}.Debug|Any CPU.Build.0 = Debug|Any CPU
		{E78B8EF4-8147-46ED-9E54-1704DE3950CC}.Release|Any CPU.ActiveCfg = Release|Any CPU
		{E78B8EF4-8147-46ED-9E54-1704DE3950CC}.Release|Any CPU.Build.0 = Release|Any CPU
		{A2DCD019-112D-4DB6-8991-019D5FD4C8AA}.Debug|Any CPU.ActiveCfg = Debug|Any CPU
		{A2DCD019-112D-4DB6-8991-019D5FD4C8AA}.Debug|Any CPU.Build.0 = Debug|Any CPU
		{A2DCD019-112D-4DB6-8991-019D5FD4C8AA}.Release|Any CPU.ActiveCfg = Release|Any CPU
		{A2DCD019-112D-4DB6-8991-019D5FD4C8AA}.Release|Any CPU.Build.0 = Release|Any CPU
		{BC1604D8-ED87-4E33-855A-6D8AA3599A91}.Debug|Any CPU.ActiveCfg = Debug|Any CPU
		{BC1604D8-ED87-4E33-855A-6D8AA3599A91}.Debug|Any CPU.Build.0 = Debug|Any CPU
		{BC1604D8-ED87-4E33-855A-6D8AA3599A91}.Release|Any CPU.ActiveCfg = Release|Any CPU
		{BC1604D8-ED87-4E33-855A-6D8AA3599A91}.Release|Any CPU.Build.0 = Release|Any CPU
	EndGlobalSection
EndGlobal
